
Microsoft Visual Studio Solution File, Format Version 12.00
# Visual Studio Version 17
VisualStudioVersion = 17.6.33829.357
MinimumVisualStudioVersion = 10.0.40219.1
Project("{9A19103F-16F7-4668-BE54-9A1E7A4F7556}") = "Giris", "Giris\Giris.csproj", "{5FAB6AB2-6BFE-4091-86EF-02FC6BC14C11}"
EndProject
Project("{9A19103F-16F7-4668-BE54-9A1E7A4F7556}") = "Metodlar", "Metodlar\Metodlar.csproj", "{14464500-9EE1-4DE6-97E4-609301B22FFE}"
EndProject
Project("{9A19103F-16F7-4668-BE54-9A1E7A4F7556}") = "Diziler", "Diziler\Diziler.csproj", "{2026989D-8165-4CBB-BD95-44D0E8CB0523}"
EndProject
Project("{9A19103F-16F7-4668-BE54-9A1E7A4F7556}") = "Listeler", "Listeler\Listeler.csproj", "{900F3AED-FEE5-45BF-9D91-F49FB43D0B9E}"
EndProject
Project("{FAE04EC0-301F-11D3-BF4B-00C04F79EFBC}") = "OOP_Giris", "OOP_Giris\OOP_Giris.csproj", "{22F8271D-8779-4451-B1B6-40FDD003629B}"
EndProject
Project("{FAE04EC0-301F-11D3-BF4B-00C04F79EFBC}") = "Properties", "Properties\Properties.csproj", "{8EB078E1-2250-4842-96AB-D22ACE29801D}"
EndProject
Project("{FAE04EC0-301F-11D3-BF4B-00C04F79EFBC}") = "OOP_Uygulama1", "OOP_Uygulama1\OOP_Uygulama1.csproj", "{1D6BD61D-AD85-414C-96E7-5E4B707488F3}"
EndProject
Global
	GlobalSection(SolutionConfigurationPlatforms) = preSolution
		Debug|Any CPU = Debug|Any CPU
		Release|Any CPU = Release|Any CPU
	EndGlobalSection
	GlobalSection(ProjectConfigurationPlatforms) = postSolution
		{5FAB6AB2-6BFE-4091-86EF-02FC6BC14C11}.Debug|Any CPU.ActiveCfg = Debug|Any CPU
		{5FAB6AB2-6BFE-4091-86EF-02FC6BC14C11}.Debug|Any CPU.Build.0 = Debug|Any CPU
		{5FAB6AB2-6BFE-4091-86EF-02FC6BC14C11}.Release|Any CPU.ActiveCfg = Release|Any CPU
		{5FAB6AB2-6BFE-4091-86EF-02FC6BC14C11}.Release|Any CPU.Build.0 = Release|Any CPU
		{14464500-9EE1-4DE6-97E4-609301B22FFE}.Debug|Any CPU.ActiveCfg = Debug|Any CPU
		{14464500-9EE1-4DE6-97E4-609301B22FFE}.Debug|Any CPU.Build.0 = Debug|Any CPU
		{14464500-9EE1-4DE6-97E4-609301B22FFE}.Release|Any CPU.ActiveCfg = Release|Any CPU
		{14464500-9EE1-4DE6-97E4-609301B22FFE}.Release|Any CPU.Build.0 = Release|Any CPU
		{2026989D-8165-4CBB-BD95-44D0E8CB0523}.Debug|Any CPU.ActiveCfg = Debug|Any CPU
		{2026989D-8165-4CBB-BD95-44D0E8CB0523}.Debug|Any CPU.Build.0 = Debug|Any CPU
		{2026989D-8165-4CBB-BD95-44D0E8CB0523}.Release|Any CPU.ActiveCfg = Release|Any CPU
		{2026989D-8165-4CBB-BD95-44D0E8CB0523}.Release|Any CPU.Build.0 = Release|Any CPU
		{900F3AED-FEE5-45BF-9D91-F49FB43D0B9E}.Debug|Any CPU.ActiveCfg = Debug|Any CPU
		{900F3AED-FEE5-45BF-9D91-F49FB43D0B9E}.Debug|Any CPU.Build.0 = Debug|Any CPU
		{900F3AED-FEE5-45BF-9D91-F49FB43D0B9E}.Release|Any CPU.ActiveCfg = Release|Any CPU
		{900F3AED-FEE5-45BF-9D91-F49FB43D0B9E}.Release|Any CPU.Build.0 = Release|Any CPU
		{22F8271D-8779-4451-B1B6-40FDD003629B}.Debug|Any CPU.ActiveCfg = Debug|Any CPU
		{22F8271D-8779-4451-B1B6-40FDD003629B}.Debug|Any CPU.Build.0 = Debug|Any CPU
		{22F8271D-8779-4451-B1B6-40FDD003629B}.Release|Any CPU.ActiveCfg = Release|Any CPU
		{22F8271D-8779-4451-B1B6-40FDD003629B}.Release|Any CPU.Build.0 = Release|Any CPU
		{8EB078E1-2250-4842-96AB-D22ACE29801D}.Debug|Any CPU.ActiveCfg = Debug|Any CPU
		{8EB078E1-2250-4842-96AB-D22ACE29801D}.Debug|Any CPU.Build.0 = Debug|Any CPU
		{8EB078E1-2250-4842-96AB-D22ACE29801D}.Release|Any CPU.ActiveCfg = Release|Any CPU
		{8EB078E1-2250-4842-96AB-D22ACE29801D}.Release|Any CPU.Build.0 = Release|Any CPU
		{1D6BD61D-AD85-414C-96E7-5E4B707488F3}.Debug|Any CPU.ActiveCfg = Debug|Any CPU
		{1D6BD61D-AD85-414C-96E7-5E4B707488F3}.Debug|Any CPU.Build.0 = Debug|Any CPU
		{1D6BD61D-AD85-414C-96E7-5E4B707488F3}.Release|Any CPU.ActiveCfg = Release|Any CPU
		{1D6BD61D-AD85-414C-96E7-5E4B707488F3}.Release|Any CPU.Build.0 = Release|Any CPU
	EndGlobalSection
	GlobalSection(SolutionProperties) = preSolution
		HideSolutionNode = FALSE
	EndGlobalSection
	GlobalSection(ExtensibilityGlobals) = postSolution
		SolutionGuid = {EBB9FC59-8ECF-40AF-9983-5FD10D858779}
	EndGlobalSection
EndGlobal
